// !$*UTF8*$!
{
	archiveVersion = 1;
	classes = {
	};
	objectVersion = 55;
	objects = {

/* Begin PBXBuildFile section */
		7E823F6728BE423B00C80B70 /* AppDelegate.swift in Sources */ = {isa = PBXBuildFile; fileRef = 7E823F6628BE423B00C80B70 /* AppDelegate.swift */; };
		7E823F6928BE423B00C80B70 /* SceneDelegate.swift in Sources */ = {isa = PBXBuildFile; fileRef = 7E823F6828BE423B00C80B70 /* SceneDelegate.swift */; };
		7E823F6B28BE423B00C80B70 /* ViewController.swift in Sources */ = {isa = PBXBuildFile; fileRef = 7E823F6A28BE423B00C80B70 /* ViewController.swift */; };
		7E823F6E28BE423B00C80B70 /* Main.storyboard in Resources */ = {isa = PBXBuildFile; fileRef = 7E823F6C28BE423B00C80B70 /* Main.storyboard */; };
		7E823F7028BE423E00C80B70 /* Assets.xcassets in Resources */ = {isa = PBXBuildFile; fileRef = 7E823F6F28BE423E00C80B70 /* Assets.xcassets */; };
		7E823F7328BE423E00C80B70 /* LaunchScreen.storyboard in Resources */ = {isa = PBXBuildFile; fileRef = 7E823F7128BE423E00C80B70 /* LaunchScreen.storyboard */; };
		7E823F7E28BE423F00C80B70 /* Hello2AppTests.swift in Sources */ = {isa = PBXBuildFile; fileRef = 7E823F7D28BE423F00C80B70 /* Hello2AppTests.swift */; };
		7E823F8828BE423F00C80B70 /* Hello2AppUITests.swift in Sources */ = {isa = PBXBuildFile; fileRef = 7E823F8728BE423F00C80B70 /* Hello2AppUITests.swift */; };
		7E823F8A28BE423F00C80B70 /* Hello2AppUITestsLaunchTests.swift in Sources */ = {isa = PBXBuildFile; fileRef = 7E823F8928BE423F00C80B70 /* Hello2AppUITestsLaunchTests.swift */; };
/* End PBXBuildFile section */

/* Begin PBXContainerItemProxy section */
		7E823F7A28BE423F00C80B70 /* PBXContainerItemProxy */ = {
			isa = PBXContainerItemProxy;
			containerPortal = 7E823F5B28BE423B00C80B70 /* Project object */;
			proxyType = 1;
			remoteGlobalIDString = 7E823F6228BE423B00C80B70;
			remoteInfo = Hello2App;
		};
		7E823F8428BE423F00C80B70 /* PBXContainerItemProxy */ = {
			isa = PBXContainerItemProxy;
			containerPortal = 7E823F5B28BE423B00C80B70 /* Project object */;
			proxyType = 1;
			remoteGlobalIDString = 7E823F6228BE423B00C80B70;
			remoteInfo = Hello2App;
		};
/* End PBXContainerItemProxy section */

/* Begin PBXFileReference section */
		7E823F6328BE423B00C80B70 /* Hello2App.app */ = {isa = PBXFileReference; explicitFileType = wrapper.application; includeInIndex = 0; path = Hello2App.app; sourceTree = BUILT_PRODUCTS_DIR; };
		7E823F6628BE423B00C80B70 /* AppDelegate.swift */ = {isa = PBXFileReference; lastKnownFileType = sourcecode.swift; path = AppDelegate.swift; sourceTree = "<group>"; };
		7E823F6828BE423B00C80B70 /* SceneDelegate.swift */ = {isa = PBXFileReference; lastKnownFileType = sourcecode.swift; path = SceneDelegate.swift; sourceTree = "<group>"; };
		7E823F6A28BE423B00C80B70 /* ViewController.swift */ = {isa = PBXFileReference; lastKnownFileType = sourcecode.swift; path = ViewController.swift; sourceTree = "<group>"; };
		7E823F6D28BE423B00C80B70 /* Base */ = {isa = PBXFileReference; lastKnownFileType = file.storyboard; name = Base; path = Base.lproj/Main.storyboard; sourceTree = "<group>"; };
		7E823F6F28BE423E00C80B70 /* Assets.xcassets */ = {isa = PBXFileReference; lastKnownFileType = folder.assetcatalog; path = Assets.xcassets; sourceTree = "<group>"; };
		7E823F7228BE423E00C80B70 /* Base */ = {isa = PBXFileReference; lastKnownFileType = file.storyboard; name = Base; path = Base.lproj/LaunchScreen.storyboard; sourceTree = "<group>"; };
		7E823F7428BE423E00C80B70 /* Info.plist */ = {isa = PBXFileReference; lastKnownFileType = text.plist.xml; path = Info.plist; sourceTree = "<group>"; };
		7E823F7928BE423F00C80B70 /* Hello2AppTests.xctest */ = {isa = PBXFileReference; explicitFileType = wrapper.cfbundle; includeInIndex = 0; path = Hello2AppTests.xctest; sourceTree = BUILT_PRODUCTS_DIR; };
		7E823F7D28BE423F00C80B70 /* Hello2AppTests.swift */ = {isa = PBXFileReference; lastKnownFileType = sourcecode.swift; path = Hello2AppTests.swift; sourceTree = "<group>"; };
		7E823F8328BE423F00C80B70 /* Hello2AppUITests.xctest */ = {isa = PBXFileReference; explicitFileType = wrapper.cfbundle; includeInIndex = 0; path = Hello2AppUITests.xctest; sourceTree = BUILT_PRODUCTS_DIR; };
		7E823F8728BE423F00C80B70 /* Hello2AppUITests.swift */ = {isa = PBXFileReference; lastKnownFileType = sourcecode.swift; path = Hello2AppUITests.swift; sourceTree = "<group>"; };
		7E823F8928BE423F00C80B70 /* Hello2AppUITestsLaunchTests.swift */ = {isa = PBXFileReference; lastKnownFileType = sourcecode.swift; path = Hello2AppUITestsLaunchTests.swift; sourceTree = "<group>"; };
/* End PBXFileReference section */

/* Begin PBXFrameworksBuildPhase section */
		7E823F6028BE423B00C80B70 /* Frameworks */ = {
			isa = PBXFrameworksBuildPhase;
			buildActionMask = 2147483647;
			files = (
			);
			runOnlyForDeploymentPostprocessing = 0;
		};
		7E823F7628BE423F00C80B70 /* Frameworks */ = {
			isa = PBXFrameworksBuildPhase;
			buildActionMask = 2147483647;
			files = (
			);
			runOnlyForDeploymentPostprocessing = 0;
		};
		7E823F8028BE423F00C80B70 /* Frameworks */ = {
			isa = PBXFrameworksBuildPhase;
			buildActionMask = 2147483647;
			files = (
			);
			runOnlyForDeploymentPostprocessing = 0;
		};
/* End PBXFrameworksBuildPhase section */

/* Begin PBXGroup section */
		7E823F5A28BE423B00C80B70 = {
			isa = PBXGroup;
			children = (
				7E823F6528BE423B00C80B70 /* Hello2App */,
				7E823F7C28BE423F00C80B70 /* Hello2AppTests */,
				7E823F8628BE423F00C80B70 /* Hello2AppUITests */,
				7E823F6428BE423B00C80B70 /* Products */,
			);
			sourceTree = "<group>";
		};
		7E823F6428BE423B00C80B70 /* Products */ = {
			isa = PBXGroup;
			children = (
				7E823F6328BE423B00C80B70 /* Hello2App.app */,
				7E823F7928BE423F00C80B70 /* Hello2AppTests.xctest */,
				7E823F8328BE423F00C80B70 /* Hello2AppUITests.xctest */,
			);
			name = Products;
			sourceTree = "<group>";
		};
		7E823F6528BE423B00C80B70 /* Hello2App */ = {
			isa = PBXGroup;
			children = (
				7E823F6628BE423B00C80B70 /* AppDelegate.swift */,
				7E823F6828BE423B00C80B70 /* SceneDelegate.swift */,
				7E823F6A28BE423B00C80B70 /* ViewController.swift */,
				7E823F6C28BE423B00C80B70 /* Main.storyboard */,
				7E823F6F28BE423E00C80B70 /* Assets.xcassets */,
				7E823F7128BE423E00C80B70 /* LaunchScreen.storyboard */,
				7E823F7428BE423E00C80B70 /* Info.plist */,
			);
			path = Hello2App;
			sourceTree = "<group>";
		};
		7E823F7C28BE423F00C80B70 /* Hello2AppTests */ = {
			isa = PBXGroup;
			children = (
				7E823F7D28BE423F00C80B70 /* Hello2AppTests.swift */,
			);
			path = Hello2AppTests;
			sourceTree = "<group>";
		};
		7E823F8628BE423F00C80B70 /* Hello2AppUITests */ = {
			isa = PBXGroup;
			children = (
				7E823F8728BE423F00C80B70 /* Hello2AppUITests.swift */,
				7E823F8928BE423F00C80B70 /* Hello2AppUITestsLaunchTests.swift */,
			);
			path = Hello2AppUITests;
			sourceTree = "<group>";
		};
/* End PBXGroup section */

/* Begin PBXNativeTarget section */
		7E823F6228BE423B00C80B70 /* Hello2App */ = {
			isa = PBXNativeTarget;
			buildConfigurationList = 7E823F8D28BE423F00C80B70 /* Build configuration list for PBXNativeTarget "Hello2App" */;
			buildPhases = (
				7E823F5F28BE423B00C80B70 /* Sources */,
				7E823F6028BE423B00C80B70 /* Frameworks */,
				7E823F6128BE423B00C80B70 /* Resources */,
			);
			buildRules = (
			);
			dependencies = (
			);
			name = Hello2App;
			productName = Hello2App;
			productReference = 7E823F6328BE423B00C80B70 /* Hello2App.app */;
			productType = "com.apple.product-type.application";
		};
		7E823F7828BE423F00C80B70 /* Hello2AppTests */ = {
			isa = PBXNativeTarget;
			buildConfigurationList = 7E823F9028BE423F00C80B70 /* Build configuration list for PBXNativeTarget "Hello2AppTests" */;
			buildPhases = (
				7E823F7528BE423F00C80B70 /* Sources */,
				7E823F7628BE423F00C80B70 /* Frameworks */,
				7E823F7728BE423F00C80B70 /* Resources */,
			);
			buildRules = (
			);
			dependencies = (
				7E823F7B28BE423F00C80B70 /* PBXTargetDependency */,
			);
			name = Hello2AppTests;
			productName = Hello2AppTests;
			productReference = 7E823F7928BE423F00C80B70 /* Hello2AppTests.xctest */;
			productType = "com.apple.product-type.bundle.unit-test";
		};
		7E823F8228BE423F00C80B70 /* Hello2AppUITests */ = {
			isa = PBXNativeTarget;
			buildConfigurationList = 7E823F9328BE423F00C80B70 /* Build configuration list for PBXNativeTarget "Hello2AppUITests" */;
			buildPhases = (
				7E823F7F28BE423F00C80B70 /* Sources */,
				7E823F8028BE423F00C80B70 /* Frameworks */,
				7E823F8128BE423F00C80B70 /* Resources */,
			);
			buildRules = (
			);
			dependencies = (
				7E823F8528BE423F00C80B70 /* PBXTargetDependency */,
			);
			name = Hello2AppUITests;
			productName = Hello2AppUITests;
			productReference = 7E823F8328BE423F00C80B70 /* Hello2AppUITests.xctest */;
			productType = "com.apple.product-type.bundle.ui-testing";
		};
/* End PBXNativeTarget section */

/* Begin PBXProject section */
		7E823F5B28BE423B00C80B70 /* Project object */ = {
			isa = PBXProject;
			attributes = {
				BuildIndependentTargetsInParallel = 1;
				LastSwiftUpdateCheck = 1340;
				LastUpgradeCheck = 1340;
				TargetAttributes = {
					7E823F6228BE423B00C80B70 = {
						CreatedOnToolsVersion = 13.4.1;
					};
					7E823F7828BE423F00C80B70 = {
						CreatedOnToolsVersion = 13.4.1;
						TestTargetID = 7E823F6228BE423B00C80B70;
					};
					7E823F8228BE423F00C80B70 = {
						CreatedOnToolsVersion = 13.4.1;
						TestTargetID = 7E823F6228BE423B00C80B70;
					};
				};
			};
			buildConfigurationList = 7E823F5E28BE423B00C80B70 /* Build configuration list for PBXProject "Hello2App" */;
			compatibilityVersion = "Xcode 13.0";
			developmentRegion = en;
			hasScannedForEncodings = 0;
			knownRegions = (
				en,
				Base,
			);
			mainGroup = 7E823F5A28BE423B00C80B70;
			productRefGroup = 7E823F6428BE423B00C80B70 /* Products */;
			projectDirPath = "";
			projectRoot = "";
			targets = (
				7E823F6228BE423B00C80B70 /* Hello2App */,
				7E823F7828BE423F00C80B70 /* Hello2AppTests */,
				7E823F8228BE423F00C80B70 /* Hello2AppUITests */,
			);
		};
/* End PBXProject section */

/* Begin PBXResourcesBuildPhase section */
		7E823F6128BE423B00C80B70 /* Resources */ = {
			isa = PBXResourcesBuildPhase;
			buildActionMask = 2147483647;
			files = (
				7E823F7328BE423E00C80B70 /* LaunchScreen.storyboard in Resources */,
				7E823F7028BE423E00C80B70 /* Assets.xcassets in Resources */,
				7E823F6E28BE423B00C80B70 /* Main.storyboard in Resources */,
			);
			runOnlyForDeploymentPostprocessing = 0;
		};
		7E823F7728BE423F00C80B70 /* Resources */ = {
			isa = PBXResourcesBuildPhase;
			buildActionMask = 2147483647;
			files = (
			);
			runOnlyForDeploymentPostprocessing = 0;
		};
		7E823F8128BE423F00C80B70 /* Resources */ = {
			isa = PBXResourcesBuildPhase;
			buildActionMask = 2147483647;
			files = (
			);
			runOnlyForDeploymentPostprocessing = 0;
		};
/* End PBXResourcesBuildPhase section */

/* Begin PBXSourcesBuildPhase section */
		7E823F5F28BE423B00C80B70 /* Sources */ = {
			isa = PBXSourcesBuildPhase;
			buildActionMask = 2147483647;
			files = (
				7E823F6B28BE423B00C80B70 /* ViewController.swift in Sources */,
				7E823F6728BE423B00C80B70 /* AppDelegate.swift in Sources */,
				7E823F6928BE423B00C80B70 /* SceneDelegate.swift in Sources */,
			);
			runOnlyForDeploymentPostprocessing = 0;
		};
		7E823F7528BE423F00C80B70 /* Sources */ = {
			isa = PBXSourcesBuildPhase;
			buildActionMask = 2147483647;
			files = (
				7E823F7E28BE423F00C80B70 /* Hello2AppTests.swift in Sources */,
			);
			runOnlyForDeploymentPostprocessing = 0;
		};
		7E823F7F28BE423F00C80B70 /* Sources */ = {
			isa = PBXSourcesBuildPhase;
			buildActionMask = 2147483647;
			files = (
				7E823F8A28BE423F00C80B70 /* Hello2AppUITestsLaunchTests.swift in Sources */,
				7E823F8828BE423F00C80B70 /* Hello2AppUITests.swift in Sources */,
			);
			runOnlyForDeploymentPostprocessing = 0;
		};
/* End PBXSourcesBuildPhase section */

/* Begin PBXTargetDependency section */
		7E823F7B28BE423F00C80B70 /* PBXTargetDependency */ = {
			isa = PBXTargetDependency;
			target = 7E823F6228BE423B00C80B70 /* Hello2App */;
			targetProxy = 7E823F7A28BE423F00C80B70 /* PBXContainerItemProxy */;
		};
		7E823F8528BE423F00C80B70 /* PBXTargetDependency */ = {
			isa = PBXTargetDependency;
			target = 7E823F6228BE423B00C80B70 /* Hello2App */;
			targetProxy = 7E823F8428BE423F00C80B70 /* PBXContainerItemProxy */;
		};
/* End PBXTargetDependency section */

/* Begin PBXVariantGroup section */
		7E823F6C28BE423B00C80B70 /* Main.storyboard */ = {
			isa = PBXVariantGroup;
			children = (
				7E823F6D28BE423B00C80B70 /* Base */,
			);
			name = Main.storyboard;
			sourceTree = "<group>";
		};
		7E823F7128BE423E00C80B70 /* LaunchScreen.storyboard */ = {
			isa = PBXVariantGroup;
			children = (
				7E823F7228BE423E00C80B70 /* Base */,
			);
			name = LaunchScreen.storyboard;
			sourceTree = "<group>";
		};
/* End PBXVariantGroup section */

/* Begin XCBuildConfiguration section */
		7E823F8B28BE423F00C80B70 /* Debug */ = {
			isa = XCBuildConfiguration;
			buildSettings = {
				ALWAYS_SEARCH_USER_PATHS = NO;
				CLANG_ANALYZER_NONNULL = YES;
				CLANG_ANALYZER_NUMBER_OBJECT_CONVERSION = YES_AGGRESSIVE;
				CLANG_CXX_LANGUAGE_STANDARD = "gnu++17";
				CLANG_ENABLE_MODULES = YES;
				CLANG_ENABLE_OBJC_ARC = YES;
				CLANG_ENABLE_OBJC_WEAK = YES;
				CLANG_WARN_BLOCK_CAPTURE_AUTORELEASING = YES;
				CLANG_WARN_BOOL_CONVERSION = YES;
				CLANG_WARN_COMMA = YES;
				CLANG_WARN_CONSTANT_CONVERSION = YES;
				CLANG_WARN_DEPRECATED_OBJC_IMPLEMENTATIONS = YES;
				CLANG_WARN_DIRECT_OBJC_ISA_USAGE = YES_ERROR;
				CLANG_WARN_DOCUMENTATION_COMMENTS = YES;
				CLANG_WARN_EMPTY_BODY = YES;
				CLANG_WARN_ENUM_CONVERSION = YES;
				CLANG_WARN_INFINITE_RECURSION = YES;
				CLANG_WARN_INT_CONVERSION = YES;
				CLANG_WARN_NON_LITERAL_NULL_CONVERSION = YES;
				CLANG_WARN_OBJC_IMPLICIT_RETAIN_SELF = YES;
				CLANG_WARN_OBJC_LITERAL_CONVERSION = YES;
				CLANG_WARN_OBJC_ROOT_CLASS = YES_ERROR;
				CLANG_WARN_QUOTED_INCLUDE_IN_FRAMEWORK_HEADER = YES;
				CLANG_WARN_RANGE_LOOP_ANALYSIS = YES;
				CLANG_WARN_STRICT_PROTOTYPES = YES;
				CLANG_WARN_SUSPICIOUS_MOVE = YES;
				CLANG_WARN_UNGUARDED_AVAILABILITY = YES_AGGRESSIVE;
				CLANG_WARN_UNREACHABLE_CODE = YES;
				CLANG_WARN__DUPLICATE_METHOD_MATCH = YES;
				COPY_PHASE_STRIP = NO;
				DEBUG_INFORMATION_FORMAT = dwarf;
				ENABLE_STRICT_OBJC_MSGSEND = YES;
				ENABLE_TESTABILITY = YES;
				GCC_C_LANGUAGE_STANDARD = gnu11;
				GCC_DYNAMIC_NO_PIC = NO;
				GCC_NO_COMMON_BLOCKS = YES;
				GCC_OPTIMIZATION_LEVEL = 0;
				GCC_PREPROCESSOR_DEFINITIONS = (
					"DEBUG=1",
					"$(inherited)",
				);
				GCC_WARN_64_TO_32_BIT_CONVERSION = YES;
				GCC_WARN_ABOUT_RETURN_TYPE = YES_ERROR;
				GCC_WARN_UNDECLARED_SELECTOR = YES;
				GCC_WARN_UNINITIALIZED_AUTOS = YES_AGGRESSIVE;
				GCC_WARN_UNUSED_FUNCTION = YES;
				GCC_WARN_UNUSED_VARIABLE = YES;
				IPHONEOS_DEPLOYMENT_TARGET = 15.5;
				MTL_ENABLE_DEBUG_INFO = INCLUDE_SOURCE;
				MTL_FAST_MATH = YES;
				ONLY_ACTIVE_ARCH = YES;
				SDKROOT = iphoneos;
				SWIFT_ACTIVE_COMPILATION_CONDITIONS = DEBUG;
				SWIFT_OPTIMIZATION_LEVEL = "-Onone";
			};
			name = Debug;
		};
		7E823F8C28BE423F00C80B70 /* Release */ = {
			isa = XCBuildConfiguration;
			buildSettings = {
				ALWAYS_SEARCH_USER_PATHS = NO;
				CLANG_ANALYZER_NONNULL = YES;
				CLANG_ANALYZER_NUMBER_OBJECT_CONVERSION = YES_AGGRESSIVE;
				CLANG_CXX_LANGUAGE_STANDARD = "gnu++17";
				CLANG_ENABLE_MODULES = YES;
				CLANG_ENABLE_OBJC_ARC = YES;
				CLANG_ENABLE_OBJC_WEAK = YES;
				CLANG_WARN_BLOCK_CAPTURE_AUTORELEASING = YES;
				CLANG_WARN_BOOL_CONVERSION = YES;
				CLANG_WARN_COMMA = YES;
				CLANG_WARN_CONSTANT_CONVERSION = YES;
				CLANG_WARN_DEPRECATED_OBJC_IMPLEMENTATIONS = YES;
				CLANG_WARN_DIRECT_OBJC_ISA_USAGE = YES_ERROR;
				CLANG_WARN_DOCUMENTATION_COMMENTS = YES;
				CLANG_WARN_EMPTY_BODY = YES;
				CLANG_WARN_ENUM_CONVERSION = YES;
				CLANG_WARN_INFINITE_RECURSION = YES;
				CLANG_WARN_INT_CONVERSION = YES;
				CLANG_WARN_NON_LITERAL_NULL_CONVERSION = YES;
				CLANG_WARN_OBJC_IMPLICIT_RETAIN_SELF = YES;
				CLANG_WARN_OBJC_LITERAL_CONVERSION = YES;
				CLANG_WARN_OBJC_ROOT_CLASS = YES_ERROR;
				CLANG_WARN_QUOTED_INCLUDE_IN_FRAMEWORK_HEADER = YES;
				CLANG_WARN_RANGE_LOOP_ANALYSIS = YES;
				CLANG_WARN_STRICT_PROTOTYPES = YES;
				CLANG_WARN_SUSPICIOUS_MOVE = YES;
				CLANG_WARN_UNGUARDED_AVAILABILITY = YES_AGGRESSIVE;
				CLANG_WARN_UNREACHABLE_CODE = YES;
				CLANG_WARN__DUPLICATE_METHOD_MATCH = YES;
				COPY_PHASE_STRIP = NO;
				DEBUG_INFORMATION_FORMAT = "dwarf-with-dsym";
				ENABLE_NS_ASSERTIONS = NO;
				ENABLE_STRICT_OBJC_MSGSEND = YES;
				GCC_C_LANGUAGE_STANDARD = gnu11;
				GCC_NO_COMMON_BLOCKS = YES;
				GCC_WARN_64_TO_32_BIT_CONVERSION = YES;
				GCC_WARN_ABOUT_RETURN_TYPE = YES_ERROR;
				GCC_WARN_UNDECLARED_SELECTOR = YES;
				GCC_WARN_UNINITIALIZED_AUTOS = YES_AGGRESSIVE;
				GCC_WARN_UNUSED_FUNCTION = YES;
				GCC_WARN_UNUSED_VARIABLE = YES;
				IPHONEOS_DEPLOYMENT_TARGET = 15.5;
				MTL_ENABLE_DEBUG_INFO = NO;
				MTL_FAST_MATH = YES;
				SDKROOT = iphoneos;
				SWIFT_COMPILATION_MODE = wholemodule;
				SWIFT_OPTIMIZATION_LEVEL = "-O";
				VALIDATE_PRODUCT = YES;
			};
			name = Release;
		};
		7E823F8E28BE423F00C80B70 /* Debug */ = {
			isa = XCBuildConfiguration;
			buildSettings = {
				ASSETCATALOG_COMPILER_APPICON_NAME = AppIcon;
				ASSETCATALOG_COMPILER_GLOBAL_ACCENT_COLOR_NAME = AccentColor;
				CODE_SIGN_STYLE = Automatic;
				CURRENT_PROJECT_VERSION = 1;
				GENERATE_INFOPLIST_FILE = YES;
				INFOPLIST_FILE = Hello2App/Info.plist;
				INFOPLIST_KEY_CFBundleDisplayName = Hello2App;
				INFOPLIST_KEY_UIApplicationSupportsIndirectInputEvents = YES;
				INFOPLIST_KEY_UILaunchStoryboardName = LaunchScreen;
				INFOPLIST_KEY_UIMainStoryboardFile = Main;
				INFOPLIST_KEY_UISupportedInterfaceOrientations_iPad = "UIInterfaceOrientationPortrait UIInterfaceOrientationPortraitUpsideDown UIInterfaceOrientationLandscapeLeft UIInterfaceOrientationLandscapeRight";
				INFOPLIST_KEY_UISupportedInterfaceOrientations_iPhone = "UIInterfaceOrientationPortrait UIInterfaceOrientationLandscapeLeft UIInterfaceOrientationLandscapeRight";
				LD_RUNPATH_SEARCH_PATHS = (
					"$(inherited)",
					"@executable_path/Frameworks",
				);
				MARKETING_VERSION = 1.0;
				PRODUCT_BUNDLE_IDENTIFIER = nwmissouri.edu.Hello2App;
				PRODUCT_NAME = "$(TARGET_NAME)";
				SWIFT_EMIT_LOC_STRINGS = YES;
				SWIFT_VERSION = 5.0;
				TARGETED_DEVICE_FAMILY = "1,2";
			};
			name = Debug;
		};
		7E823F8F28BE423F00C80B70 /* Release */ = {
			isa = XCBuildConfiguration;
			buildSettings = {
				ASSETCATALOG_COMPILER_APPICON_NAME = AppIcon;
				ASSETCATALOG_COMPILER_GLOBAL_ACCENT_COLOR_NAME = AccentColor;
				CODE_SIGN_STYLE = Automatic;
				CURRENT_PROJECT_VERSION = 1;
				GENERATE_INFOPLIST_FILE = YES;
				INFOPLIST_FILE = Hello2App/Info.plist;
				INFOPLIST_KEY_CFBundleDisplayName = Hello2App;
				INFOPLIST_KEY_UIApplicationSupportsIndirectInputEvents = YES;
				INFOPLIST_KEY_UILaunchStoryboardName = LaunchScreen;
				INFOPLIST_KEY_UIMainStoryboardFile = Main;
				INFOPLIST_KEY_UISupportedInterfaceOrientations_iPad = "UIInterfaceOrientationPortrait UIInterfaceOrientationPortraitUpsideDown UIInterfaceOrientationLandscapeLeft UIInterfaceOrientationLandscapeRight";
				INFOPLIST_KEY_UISupportedInterfaceOrientations_iPhone = "UIInterfaceOrientationPortrait UIInterfaceOrientationLandscapeLeft UIInterfaceOrientationLandscapeRight";
				LD_RUNPATH_SEARCH_PATHS = (
					"$(inherited)",
					"@executable_path/Frameworks",
				);
				MARKETING_VERSION = 1.0;
				PRODUCT_BUNDLE_IDENTIFIER = nwmissouri.edu.Hello2App;
				PRODUCT_NAME = "$(TARGET_NAME)";
				SWIFT_EMIT_LOC_STRINGS = YES;
				SWIFT_VERSION = 5.0;
				TARGETED_DEVICE_FAMILY = "1,2";
			};
			name = Release;
		};
		7E823F9128BE423F00C80B70 /* Debug */ = {
			isa = XCBuildConfiguration;
			buildSettings = {
				ALWAYS_EMBED_SWIFT_STANDARD_LIBRARIES = YES;
				BUNDLE_LOADER = "$(TEST_HOST)";
				CODE_SIGN_STYLE = Automatic;
				CURRENT_PROJECT_VERSION = 1;
				GENERATE_INFOPLIST_FILE = YES;
				IPHONEOS_DEPLOYMENT_TARGET = 15.5;
				MARKETING_VERSION = 1.0;
				PRODUCT_BUNDLE_IDENTIFIER = nwmissouri.edu.Hello2AppTests;
				PRODUCT_NAME = "$(TARGET_NAME)";
				SWIFT_EMIT_LOC_STRINGS = NO;
				SWIFT_VERSION = 5.0;
				TARGETED_DEVICE_FAMILY = "1,2";
				TEST_HOST = "$(BUILT_PRODUCTS_DIR)/Hello2App.app/Hello2App";
			};
			name = Debug;
		};
		7E823F9228BE423F00C80B70 /* Release */ = {
			isa = XCBuildConfiguration;
			buildSettings = {
				ALWAYS_EMBED_SWIFT_STANDARD_LIBRARIES = YES;
				BUNDLE_LOADER = "$(TEST_HOST)";
				CODE_SIGN_STYLE = Automatic;
				CURRENT_PROJECT_VERSION = 1;
				GENERATE_INFOPLIST_FILE = YES;
				IPHONEOS_DEPLOYMENT_TARGET = 15.5;
				MARKETING_VERSION = 1.0;
				PRODUCT_BUNDLE_IDENTIFIER = nwmissouri.edu.Hello2AppTests;
				PRODUCT_NAME = "$(TARGET_NAME)";
				SWIFT_EMIT_LOC_STRINGS = NO;
				SWIFT_VERSION = 5.0;
				TARGETED_DEVICE_FAMILY = "1,2";
				TEST_HOST = "$(BUILT_PRODUCTS_DIR)/Hello2App.app/Hello2App";
			};
			name = Release;
		};
		7E823F9428BE423F00C80B70 /* Debug */ = {
			isa = XCBuildConfiguration;
			buildSettings = {
				ALWAYS_EMBED_SWIFT_STANDARD_LIBRARIES = YES;
				CODE_SIGN_STYLE = Automatic;
				CURRENT_PROJECT_VERSION = 1;
				GENERATE_INFOPLIST_FILE = YES;
				MARKETING_VERSION = 1.0;
				PRODUCT_BUNDLE_IDENTIFIER = nwmissouri.edu.Hello2AppUITests;
				PRODUCT_NAME = "$(TARGET_NAME)";
				SWIFT_EMIT_LOC_STRINGS = NO;
				SWIFT_VERSION = 5.0;
				TARGETED_DEVICE_FAMILY = "1,2";
				TEST_TARGET_NAME = Hello2App;
			};
			name = Debug;
		};
		7E823F9528BE423F00C80B70 /* Release */ = {
			isa = XCBuildConfiguration;
			buildSettings = {
				ALWAYS_EMBED_SWIFT_STANDARD_LIBRARIES = YES;
				CODE_SIGN_STYLE = Automatic;
				CURRENT_PROJECT_VERSION = 1;
				GENERATE_INFOPLIST_FILE = YES;
				MARKETING_VERSION = 1.0;
				PRODUCT_BUNDLE_IDENTIFIER = nwmissouri.edu.Hello2AppUITests;
				PRODUCT_NAME = "$(TARGET_NAME)";
				SWIFT_EMIT_LOC_STRINGS = NO;
				SWIFT_VERSION = 5.0;
				TARGETED_DEVICE_FAMILY = "1,2";
				TEST_TARGET_NAME = Hello2App;
			};
			name = Release;
		};
/* End XCBuildConfiguration section */

/* Begin XCConfigurationList section */
		7E823F5E28BE423B00C80B70 /* Build configuration list for PBXProject "Hello2App" */ = {
			isa = XCConfigurationList;
			buildConfigurations = (
				7E823F8B28BE423F00C80B70 /* Debug */,
				7E823F8C28BE423F00C80B70 /* Release */,
			);
			defaultConfigurationIsVisible = 0;
			defaultConfigurationName = Release;
		};
		7E823F8D28BE423F00C80B70 /* Build configuration list for PBXNativeTarget "Hello2App" */ = {
			isa = XCConfigurationList;
			buildConfigurations = (
				7E823F8E28BE423F00C80B70 /* Debug */,
				7E823F8F28BE423F00C80B70 /* Release */,
			);
			defaultConfigurationIsVisible = 0;
			defaultConfigurationName = Release;
		};
		7E823F9028BE423F00C80B70 /* Build configuration list for PBXNativeTarget "Hello2AppTests" */ = {
			isa = XCConfigurationList;
			buildConfigurations = (
				7E823F9128BE423F00C80B70 /* Debug */,
				7E823F9228BE423F00C80B70 /* Release */,
			);
			defaultConfigurationIsVisible = 0;
			defaultConfigurationName = Release;
		};
		7E823F9328BE423F00C80B70 /* Build configuration list for PBXNativeTarget "Hello2AppUITests" */ = {
			isa = XCConfigurationList;
			buildConfigurations = (
				7E823F9428BE423F00C80B70 /* Debug */,
				7E823F9528BE423F00C80B70 /* Release */,
			);
			defaultConfigurationIsVisible = 0;
			defaultConfigurationName = Release;
		};
/* End XCConfigurationList section */
	};
	rootObject = 7E823F5B28BE423B00C80B70 /* Project object */;
}
