// !$*UTF8*$!
{
	archiveVersion = 1;
	classes = {
	};
	objectVersion = 55;
	objects = {

/* Begin PBXBuildFile section */
		7E588E5128B7B50500A9B52A /* AppDelegate.swift in Sources */ = {isa = PBXBuildFile; fileRef = 7E588E5028B7B50500A9B52A /* AppDelegate.swift */; };
		7E588E5328B7B50500A9B52A /* SceneDelegate.swift in Sources */ = {isa = PBXBuildFile; fileRef = 7E588E5228B7B50500A9B52A /* SceneDelegate.swift */; };
		7E588E5528B7B50500A9B52A /* ViewController.swift in Sources */ = {isa = PBXBuildFile; fileRef = 7E588E5428B7B50500A9B52A /* ViewController.swift */; };
		7E588E5828B7B50500A9B52A /* Main.storyboard in Resources */ = {isa = PBXBuildFile; fileRef = 7E588E5628B7B50500A9B52A /* Main.storyboard */; };
		7E588E5A28B7B50900A9B52A /* Assets.xcassets in Resources */ = {isa = PBXBuildFile; fileRef = 7E588E5928B7B50900A9B52A /* Assets.xcassets */; };
		7E588E5D28B7B50900A9B52A /* LaunchScreen.storyboard in Resources */ = {isa = PBXBuildFile; fileRef = 7E588E5B28B7B50900A9B52A /* LaunchScreen.storyboard */; };
		7E588E6828B7B50A00A9B52A /* HelloApp1Tests.swift in Sources */ = {isa = PBXBuildFile; fileRef = 7E588E6728B7B50A00A9B52A /* HelloApp1Tests.swift */; };
		7E588E7228B7B50A00A9B52A /* HelloApp1UITests.swift in Sources */ = {isa = PBXBuildFile; fileRef = 7E588E7128B7B50A00A9B52A /* HelloApp1UITests.swift */; };
		7E588E7428B7B50A00A9B52A /* HelloApp1UITestsLaunchTests.swift in Sources */ = {isa = PBXBuildFile; fileRef = 7E588E7328B7B50A00A9B52A /* HelloApp1UITestsLaunchTests.swift */; };
/* End PBXBuildFile section */

/* Begin PBXContainerItemProxy section */
		7E588E6428B7B50A00A9B52A /* PBXContainerItemProxy */ = {
			isa = PBXContainerItemProxy;
			containerPortal = 7E588E4528B7B50500A9B52A /* Project object */;
			proxyType = 1;
			remoteGlobalIDString = 7E588E4C28B7B50500A9B52A;
			remoteInfo = HelloApp1;
		};
		7E588E6E28B7B50A00A9B52A /* PBXContainerItemProxy */ = {
			isa = PBXContainerItemProxy;
			containerPortal = 7E588E4528B7B50500A9B52A /* Project object */;
			proxyType = 1;
			remoteGlobalIDString = 7E588E4C28B7B50500A9B52A;
			remoteInfo = HelloApp1;
		};
/* End PBXContainerItemProxy section */

/* Begin PBXFileReference section */
		7E588E4D28B7B50500A9B52A /* HelloApp1.app */ = {isa = PBXFileReference; explicitFileType = wrapper.application; includeInIndex = 0; path = HelloApp1.app; sourceTree = BUILT_PRODUCTS_DIR; };
		7E588E5028B7B50500A9B52A /* AppDelegate.swift */ = {isa = PBXFileReference; lastKnownFileType = sourcecode.swift; path = AppDelegate.swift; sourceTree = "<group>"; };
		7E588E5228B7B50500A9B52A /* SceneDelegate.swift */ = {isa = PBXFileReference; lastKnownFileType = sourcecode.swift; path = SceneDelegate.swift; sourceTree = "<group>"; };
		7E588E5428B7B50500A9B52A /* ViewController.swift */ = {isa = PBXFileReference; lastKnownFileType = sourcecode.swift; path = ViewController.swift; sourceTree = "<group>"; };
		7E588E5728B7B50500A9B52A /* Base */ = {isa = PBXFileReference; lastKnownFileType = file.storyboard; name = Base; path = Base.lproj/Main.storyboard; sourceTree = "<group>"; };
		7E588E5928B7B50900A9B52A /* Assets.xcassets */ = {isa = PBXFileReference; lastKnownFileType = folder.assetcatalog; path = Assets.xcassets; sourceTree = "<group>"; };
		7E588E5C28B7B50900A9B52A /* Base */ = {isa = PBXFileReference; lastKnownFileType = file.storyboard; name = Base; path = Base.lproj/LaunchScreen.storyboard; sourceTree = "<group>"; };
		7E588E5E28B7B50900A9B52A /* Info.plist */ = {isa = PBXFileReference; lastKnownFileType = text.plist.xml; path = Info.plist; sourceTree = "<group>"; };
		7E588E6328B7B50A00A9B52A /* HelloApp1Tests.xctest */ = {isa = PBXFileReference; explicitFileType = wrapper.cfbundle; includeInIndex = 0; path = HelloApp1Tests.xctest; sourceTree = BUILT_PRODUCTS_DIR; };
		7E588E6728B7B50A00A9B52A /* HelloApp1Tests.swift */ = {isa = PBXFileReference; lastKnownFileType = sourcecode.swift; path = HelloApp1Tests.swift; sourceTree = "<group>"; };
		7E588E6D28B7B50A00A9B52A /* HelloApp1UITests.xctest */ = {isa = PBXFileReference; explicitFileType = wrapper.cfbundle; includeInIndex = 0; path = HelloApp1UITests.xctest; sourceTree = BUILT_PRODUCTS_DIR; };
		7E588E7128B7B50A00A9B52A /* HelloApp1UITests.swift */ = {isa = PBXFileReference; lastKnownFileType = sourcecode.swift; path = HelloApp1UITests.swift; sourceTree = "<group>"; };
		7E588E7328B7B50A00A9B52A /* HelloApp1UITestsLaunchTests.swift */ = {isa = PBXFileReference; lastKnownFileType = sourcecode.swift; path = HelloApp1UITestsLaunchTests.swift; sourceTree = "<group>"; };
/* End PBXFileReference section */

/* Begin PBXFrameworksBuildPhase section */
		7E588E4A28B7B50500A9B52A /* Frameworks */ = {
			isa = PBXFrameworksBuildPhase;
			buildActionMask = 2147483647;
			files = (
			);
			runOnlyForDeploymentPostprocessing = 0;
		};
		7E588E6028B7B50A00A9B52A /* Frameworks */ = {
			isa = PBXFrameworksBuildPhase;
			buildActionMask = 2147483647;
			files = (
			);
			runOnlyForDeploymentPostprocessing = 0;
		};
		7E588E6A28B7B50A00A9B52A /* Frameworks */ = {
			isa = PBXFrameworksBuildPhase;
			buildActionMask = 2147483647;
			files = (
			);
			runOnlyForDeploymentPostprocessing = 0;
		};
/* End PBXFrameworksBuildPhase section */

/* Begin PBXGroup section */
		7E588E4428B7B50500A9B52A = {
			isa = PBXGroup;
			children = (
				7E588E4F28B7B50500A9B52A /* HelloApp1 */,
				7E588E6628B7B50A00A9B52A /* HelloApp1Tests */,
				7E588E7028B7B50A00A9B52A /* HelloApp1UITests */,
				7E588E4E28B7B50500A9B52A /* Products */,
			);
			sourceTree = "<group>";
		};
		7E588E4E28B7B50500A9B52A /* Products */ = {
			isa = PBXGroup;
			children = (
				7E588E4D28B7B50500A9B52A /* HelloApp1.app */,
				7E588E6328B7B50A00A9B52A /* HelloApp1Tests.xctest */,
				7E588E6D28B7B50A00A9B52A /* HelloApp1UITests.xctest */,
			);
			name = Products;
			sourceTree = "<group>";
		};
		7E588E4F28B7B50500A9B52A /* HelloApp1 */ = {
			isa = PBXGroup;
			children = (
				7E588E5028B7B50500A9B52A /* AppDelegate.swift */,
				7E588E5228B7B50500A9B52A /* SceneDelegate.swift */,
				7E588E5428B7B50500A9B52A /* ViewController.swift */,
				7E588E5628B7B50500A9B52A /* Main.storyboard */,
				7E588E5928B7B50900A9B52A /* Assets.xcassets */,
				7E588E5B28B7B50900A9B52A /* LaunchScreen.storyboard */,
				7E588E5E28B7B50900A9B52A /* Info.plist */,
			);
			path = HelloApp1;
			sourceTree = "<group>";
		};
		7E588E6628B7B50A00A9B52A /* HelloApp1Tests */ = {
			isa = PBXGroup;
			children = (
				7E588E6728B7B50A00A9B52A /* HelloApp1Tests.swift */,
			);
			path = HelloApp1Tests;
			sourceTree = "<group>";
		};
		7E588E7028B7B50A00A9B52A /* HelloApp1UITests */ = {
			isa = PBXGroup;
			children = (
				7E588E7128B7B50A00A9B52A /* HelloApp1UITests.swift */,
				7E588E7328B7B50A00A9B52A /* HelloApp1UITestsLaunchTests.swift */,
			);
			path = HelloApp1UITests;
			sourceTree = "<group>";
		};
/* End PBXGroup section */

/* Begin PBXNativeTarget section */
		7E588E4C28B7B50500A9B52A /* HelloApp1 */ = {
			isa = PBXNativeTarget;
			buildConfigurationList = 7E588E7728B7B50A00A9B52A /* Build configuration list for PBXNativeTarget "HelloApp1" */;
			buildPhases = (
				7E588E4928B7B50500A9B52A /* Sources */,
				7E588E4A28B7B50500A9B52A /* Frameworks */,
				7E588E4B28B7B50500A9B52A /* Resources */,
			);
			buildRules = (
			);
			dependencies = (
			);
			name = HelloApp1;
			productName = HelloApp1;
			productReference = 7E588E4D28B7B50500A9B52A /* HelloApp1.app */;
			productType = "com.apple.product-type.application";
		};
		7E588E6228B7B50A00A9B52A /* HelloApp1Tests */ = {
			isa = PBXNativeTarget;
			buildConfigurationList = 7E588E7A28B7B50A00A9B52A /* Build configuration list for PBXNativeTarget "HelloApp1Tests" */;
			buildPhases = (
				7E588E5F28B7B50A00A9B52A /* Sources */,
				7E588E6028B7B50A00A9B52A /* Frameworks */,
				7E588E6128B7B50A00A9B52A /* Resources */,
			);
			buildRules = (
			);
			dependencies = (
				7E588E6528B7B50A00A9B52A /* PBXTargetDependency */,
			);
			name = HelloApp1Tests;
			productName = HelloApp1Tests;
			productReference = 7E588E6328B7B50A00A9B52A /* HelloApp1Tests.xctest */;
			productType = "com.apple.product-type.bundle.unit-test";
		};
		7E588E6C28B7B50A00A9B52A /* HelloApp1UITests */ = {
			isa = PBXNativeTarget;
			buildConfigurationList = 7E588E7D28B7B50A00A9B52A /* Build configuration list for PBXNativeTarget "HelloApp1UITests" */;
			buildPhases = (
				7E588E6928B7B50A00A9B52A /* Sources */,
				7E588E6A28B7B50A00A9B52A /* Frameworks */,
				7E588E6B28B7B50A00A9B52A /* Resources */,
			);
			buildRules = (
			);
			dependencies = (
				7E588E6F28B7B50A00A9B52A /* PBXTargetDependency */,
			);
			name = HelloApp1UITests;
			productName = HelloApp1UITests;
			productReference = 7E588E6D28B7B50A00A9B52A /* HelloApp1UITests.xctest */;
			productType = "com.apple.product-type.bundle.ui-testing";
		};
/* End PBXNativeTarget section */

/* Begin PBXProject section */
		7E588E4528B7B50500A9B52A /* Project object */ = {
			isa = PBXProject;
			attributes = {
				BuildIndependentTargetsInParallel = 1;
				LastSwiftUpdateCheck = 1340;
				LastUpgradeCheck = 1340;
				TargetAttributes = {
					7E588E4C28B7B50500A9B52A = {
						CreatedOnToolsVersion = 13.4.1;
					};
					7E588E6228B7B50A00A9B52A = {
						CreatedOnToolsVersion = 13.4.1;
						TestTargetID = 7E588E4C28B7B50500A9B52A;
					};
					7E588E6C28B7B50A00A9B52A = {
						CreatedOnToolsVersion = 13.4.1;
						TestTargetID = 7E588E4C28B7B50500A9B52A;
					};
				};
			};
			buildConfigurationList = 7E588E4828B7B50500A9B52A /* Build configuration list for PBXProject "HelloApp1" */;
			compatibilityVersion = "Xcode 13.0";
			developmentRegion = en;
			hasScannedForEncodings = 0;
			knownRegions = (
				en,
				Base,
			);
			mainGroup = 7E588E4428B7B50500A9B52A;
			productRefGroup = 7E588E4E28B7B50500A9B52A /* Products */;
			projectDirPath = "";
			projectRoot = "";
			targets = (
				7E588E4C28B7B50500A9B52A /* HelloApp1 */,
				7E588E6228B7B50A00A9B52A /* HelloApp1Tests */,
				7E588E6C28B7B50A00A9B52A /* HelloApp1UITests */,
			);
		};
/* End PBXProject section */

/* Begin PBXResourcesBuildPhase section */
		7E588E4B28B7B50500A9B52A /* Resources */ = {
			isa = PBXResourcesBuildPhase;
			buildActionMask = 2147483647;
			files = (
				7E588E5D28B7B50900A9B52A /* LaunchScreen.storyboard in Resources */,
				7E588E5A28B7B50900A9B52A /* Assets.xcassets in Resources */,
				7E588E5828B7B50500A9B52A /* Main.storyboard in Resources */,
			);
			runOnlyForDeploymentPostprocessing = 0;
		};
		7E588E6128B7B50A00A9B52A /* Resources */ = {
			isa = PBXResourcesBuildPhase;
			buildActionMask = 2147483647;
			files = (
			);
			runOnlyForDeploymentPostprocessing = 0;
		};
		7E588E6B28B7B50A00A9B52A /* Resources */ = {
			isa = PBXResourcesBuildPhase;
			buildActionMask = 2147483647;
			files = (
			);
			runOnlyForDeploymentPostprocessing = 0;
		};
/* End PBXResourcesBuildPhase section */

/* Begin PBXSourcesBuildPhase section */
		7E588E4928B7B50500A9B52A /* Sources */ = {
			isa = PBXSourcesBuildPhase;
			buildActionMask = 2147483647;
			files = (
				7E588E5528B7B50500A9B52A /* ViewController.swift in Sources */,
				7E588E5128B7B50500A9B52A /* AppDelegate.swift in Sources */,
				7E588E5328B7B50500A9B52A /* SceneDelegate.swift in Sources */,
			);
			runOnlyForDeploymentPostprocessing = 0;
		};
		7E588E5F28B7B50A00A9B52A /* Sources */ = {
			isa = PBXSourcesBuildPhase;
			buildActionMask = 2147483647;
			files = (
				7E588E6828B7B50A00A9B52A /* HelloApp1Tests.swift in Sources */,
			);
			runOnlyForDeploymentPostprocessing = 0;
		};
		7E588E6928B7B50A00A9B52A /* Sources */ = {
			isa = PBXSourcesBuildPhase;
			buildActionMask = 2147483647;
			files = (
				7E588E7228B7B50A00A9B52A /* HelloApp1UITests.swift in Sources */,
				7E588E7428B7B50A00A9B52A /* HelloApp1UITestsLaunchTests.swift in Sources */,
			);
			runOnlyForDeploymentPostprocessing = 0;
		};
/* End PBXSourcesBuildPhase section */

/* Begin PBXTargetDependency section */
		7E588E6528B7B50A00A9B52A /* PBXTargetDependency */ = {
			isa = PBXTargetDependency;
			target = 7E588E4C28B7B50500A9B52A /* HelloApp1 */;
			targetProxy = 7E588E6428B7B50A00A9B52A /* PBXContainerItemProxy */;
		};
		7E588E6F28B7B50A00A9B52A /* PBXTargetDependency */ = {
			isa = PBXTargetDependency;
			target = 7E588E4C28B7B50500A9B52A /* HelloApp1 */;
			targetProxy = 7E588E6E28B7B50A00A9B52A /* PBXContainerItemProxy */;
		};
/* End PBXTargetDependency section */

/* Begin PBXVariantGroup section */
		7E588E5628B7B50500A9B52A /* Main.storyboard */ = {
			isa = PBXVariantGroup;
			children = (
				7E588E5728B7B50500A9B52A /* Base */,
			);
			name = Main.storyboard;
			sourceTree = "<group>";
		};
		7E588E5B28B7B50900A9B52A /* LaunchScreen.storyboard */ = {
			isa = PBXVariantGroup;
			children = (
				7E588E5C28B7B50900A9B52A /* Base */,
			);
			name = LaunchScreen.storyboard;
			sourceTree = "<group>";
		};
/* End PBXVariantGroup section */

/* Begin XCBuildConfiguration section */
		7E588E7528B7B50A00A9B52A /* Debug */ = {
			isa = XCBuildConfiguration;
			buildSettings = {
				ALWAYS_SEARCH_USER_PATHS = NO;
				CLANG_ANALYZER_NONNULL = YES;
				CLANG_ANALYZER_NUMBER_OBJECT_CONVERSION = YES_AGGRESSIVE;
				CLANG_CXX_LANGUAGE_STANDARD = "gnu++17";
				CLANG_ENABLE_MODULES = YES;
				CLANG_ENABLE_OBJC_ARC = YES;
				CLANG_ENABLE_OBJC_WEAK = YES;
				CLANG_WARN_BLOCK_CAPTURE_AUTORELEASING = YES;
				CLANG_WARN_BOOL_CONVERSION = YES;
				CLANG_WARN_COMMA = YES;
				CLANG_WARN_CONSTANT_CONVERSION = YES;
				CLANG_WARN_DEPRECATED_OBJC_IMPLEMENTATIONS = YES;
				CLANG_WARN_DIRECT_OBJC_ISA_USAGE = YES_ERROR;
				CLANG_WARN_DOCUMENTATION_COMMENTS = YES;
				CLANG_WARN_EMPTY_BODY = YES;
				CLANG_WARN_ENUM_CONVERSION = YES;
				CLANG_WARN_INFINITE_RECURSION = YES;
				CLANG_WARN_INT_CONVERSION = YES;
				CLANG_WARN_NON_LITERAL_NULL_CONVERSION = YES;
				CLANG_WARN_OBJC_IMPLICIT_RETAIN_SELF = YES;
				CLANG_WARN_OBJC_LITERAL_CONVERSION = YES;
				CLANG_WARN_OBJC_ROOT_CLASS = YES_ERROR;
				CLANG_WARN_QUOTED_INCLUDE_IN_FRAMEWORK_HEADER = YES;
				CLANG_WARN_RANGE_LOOP_ANALYSIS = YES;
				CLANG_WARN_STRICT_PROTOTYPES = YES;
				CLANG_WARN_SUSPICIOUS_MOVE = YES;
				CLANG_WARN_UNGUARDED_AVAILABILITY = YES_AGGRESSIVE;
				CLANG_WARN_UNREACHABLE_CODE = YES;
				CLANG_WARN__DUPLICATE_METHOD_MATCH = YES;
				COPY_PHASE_STRIP = NO;
				DEBUG_INFORMATION_FORMAT = dwarf;
				ENABLE_STRICT_OBJC_MSGSEND = YES;
				ENABLE_TESTABILITY = YES;
				GCC_C_LANGUAGE_STANDARD = gnu11;
				GCC_DYNAMIC_NO_PIC = NO;
				GCC_NO_COMMON_BLOCKS = YES;
				GCC_OPTIMIZATION_LEVEL = 0;
				GCC_PREPROCESSOR_DEFINITIONS = (
					"DEBUG=1",
					"$(inherited)",
				);
				GCC_WARN_64_TO_32_BIT_CONVERSION = YES;
				GCC_WARN_ABOUT_RETURN_TYPE = YES_ERROR;
				GCC_WARN_UNDECLARED_SELECTOR = YES;
				GCC_WARN_UNINITIALIZED_AUTOS = YES_AGGRESSIVE;
				GCC_WARN_UNUSED_FUNCTION = YES;
				GCC_WARN_UNUSED_VARIABLE = YES;
				IPHONEOS_DEPLOYMENT_TARGET = 15.5;
				MTL_ENABLE_DEBUG_INFO = INCLUDE_SOURCE;
				MTL_FAST_MATH = YES;
				ONLY_ACTIVE_ARCH = YES;
				SDKROOT = iphoneos;
				SWIFT_ACTIVE_COMPILATION_CONDITIONS = DEBUG;
				SWIFT_OPTIMIZATION_LEVEL = "-Onone";
			};
			name = Debug;
		};
		7E588E7628B7B50A00A9B52A /* Release */ = {
			isa = XCBuildConfiguration;
			buildSettings = {
				ALWAYS_SEARCH_USER_PATHS = NO;
				CLANG_ANALYZER_NONNULL = YES;
				CLANG_ANALYZER_NUMBER_OBJECT_CONVERSION = YES_AGGRESSIVE;
				CLANG_CXX_LANGUAGE_STANDARD = "gnu++17";
				CLANG_ENABLE_MODULES = YES;
				CLANG_ENABLE_OBJC_ARC = YES;
				CLANG_ENABLE_OBJC_WEAK = YES;
				CLANG_WARN_BLOCK_CAPTURE_AUTORELEASING = YES;
				CLANG_WARN_BOOL_CONVERSION = YES;
				CLANG_WARN_COMMA = YES;
				CLANG_WARN_CONSTANT_CONVERSION = YES;
				CLANG_WARN_DEPRECATED_OBJC_IMPLEMENTATIONS = YES;
				CLANG_WARN_DIRECT_OBJC_ISA_USAGE = YES_ERROR;
				CLANG_WARN_DOCUMENTATION_COMMENTS = YES;
				CLANG_WARN_EMPTY_BODY = YES;
				CLANG_WARN_ENUM_CONVERSION = YES;
				CLANG_WARN_INFINITE_RECURSION = YES;
				CLANG_WARN_INT_CONVERSION = YES;
				CLANG_WARN_NON_LITERAL_NULL_CONVERSION = YES;
				CLANG_WARN_OBJC_IMPLICIT_RETAIN_SELF = YES;
				CLANG_WARN_OBJC_LITERAL_CONVERSION = YES;
				CLANG_WARN_OBJC_ROOT_CLASS = YES_ERROR;
				CLANG_WARN_QUOTED_INCLUDE_IN_FRAMEWORK_HEADER = YES;
				CLANG_WARN_RANGE_LOOP_ANALYSIS = YES;
				CLANG_WARN_STRICT_PROTOTYPES = YES;
				CLANG_WARN_SUSPICIOUS_MOVE = YES;
				CLANG_WARN_UNGUARDED_AVAILABILITY = YES_AGGRESSIVE;
				CLANG_WARN_UNREACHABLE_CODE = YES;
				CLANG_WARN__DUPLICATE_METHOD_MATCH = YES;
				COPY_PHASE_STRIP = NO;
				DEBUG_INFORMATION_FORMAT = "dwarf-with-dsym";
				ENABLE_NS_ASSERTIONS = NO;
				ENABLE_STRICT_OBJC_MSGSEND = YES;
				GCC_C_LANGUAGE_STANDARD = gnu11;
				GCC_NO_COMMON_BLOCKS = YES;
				GCC_WARN_64_TO_32_BIT_CONVERSION = YES;
				GCC_WARN_ABOUT_RETURN_TYPE = YES_ERROR;
				GCC_WARN_UNDECLARED_SELECTOR = YES;
				GCC_WARN_UNINITIALIZED_AUTOS = YES_AGGRESSIVE;
				GCC_WARN_UNUSED_FUNCTION = YES;
				GCC_WARN_UNUSED_VARIABLE = YES;
				IPHONEOS_DEPLOYMENT_TARGET = 15.5;
				MTL_ENABLE_DEBUG_INFO = NO;
				MTL_FAST_MATH = YES;
				SDKROOT = iphoneos;
				SWIFT_COMPILATION_MODE = wholemodule;
				SWIFT_OPTIMIZATION_LEVEL = "-O";
				VALIDATE_PRODUCT = YES;
			};
			name = Release;
		};
		7E588E7828B7B50A00A9B52A /* Debug */ = {
			isa = XCBuildConfiguration;
			buildSettings = {
				ASSETCATALOG_COMPILER_APPICON_NAME = AppIcon;
				ASSETCATALOG_COMPILER_GLOBAL_ACCENT_COLOR_NAME = AccentColor;
				CODE_SIGN_STYLE = Automatic;
				CURRENT_PROJECT_VERSION = 1;
				GENERATE_INFOPLIST_FILE = YES;
				INFOPLIST_FILE = HelloApp1/Info.plist;
				INFOPLIST_KEY_CFBundleDisplayName = HelloApp1;
				INFOPLIST_KEY_UIApplicationSupportsIndirectInputEvents = YES;
				INFOPLIST_KEY_UILaunchStoryboardName = LaunchScreen;
				INFOPLIST_KEY_UIMainStoryboardFile = Main;
				INFOPLIST_KEY_UISupportedInterfaceOrientations_iPad = "UIInterfaceOrientationPortrait UIInterfaceOrientationPortraitUpsideDown UIInterfaceOrientationLandscapeLeft UIInterfaceOrientationLandscapeRight";
				INFOPLIST_KEY_UISupportedInterfaceOrientations_iPhone = "UIInterfaceOrientationPortrait UIInterfaceOrientationLandscapeLeft UIInterfaceOrientationLandscapeRight";
				LD_RUNPATH_SEARCH_PATHS = (
					"$(inherited)",
					"@executable_path/Frameworks",
				);
				MARKETING_VERSION = 1.0;
				PRODUCT_BUNDLE_IDENTIFIER = nwmissouri.edu.HelloApp1;
				PRODUCT_NAME = "$(TARGET_NAME)";
				SWIFT_EMIT_LOC_STRINGS = YES;
				SWIFT_VERSION = 5.0;
				TARGETED_DEVICE_FAMILY = "1,2";
			};
			name = Debug;
		};
		7E588E7928B7B50A00A9B52A /* Release */ = {
			isa = XCBuildConfiguration;
			buildSettings = {
				ASSETCATALOG_COMPILER_APPICON_NAME = AppIcon;
				ASSETCATALOG_COMPILER_GLOBAL_ACCENT_COLOR_NAME = AccentColor;
				CODE_SIGN_STYLE = Automatic;
				CURRENT_PROJECT_VERSION = 1;
				GENERATE_INFOPLIST_FILE = YES;
				INFOPLIST_FILE = HelloApp1/Info.plist;
				INFOPLIST_KEY_CFBundleDisplayName = HelloApp1;
				INFOPLIST_KEY_UIApplicationSupportsIndirectInputEvents = YES;
				INFOPLIST_KEY_UILaunchStoryboardName = LaunchScreen;
				INFOPLIST_KEY_UIMainStoryboardFile = Main;
				INFOPLIST_KEY_UISupportedInterfaceOrientations_iPad = "UIInterfaceOrientationPortrait UIInterfaceOrientationPortraitUpsideDown UIInterfaceOrientationLandscapeLeft UIInterfaceOrientationLandscapeRight";
				INFOPLIST_KEY_UISupportedInterfaceOrientations_iPhone = "UIInterfaceOrientationPortrait UIInterfaceOrientationLandscapeLeft UIInterfaceOrientationLandscapeRight";
				LD_RUNPATH_SEARCH_PATHS = (
					"$(inherited)",
					"@executable_path/Frameworks",
				);
				MARKETING_VERSION = 1.0;
				PRODUCT_BUNDLE_IDENTIFIER = nwmissouri.edu.HelloApp1;
				PRODUCT_NAME = "$(TARGET_NAME)";
				SWIFT_EMIT_LOC_STRINGS = YES;
				SWIFT_VERSION = 5.0;
				TARGETED_DEVICE_FAMILY = "1,2";
			};
			name = Release;
		};
		7E588E7B28B7B50A00A9B52A /* Debug */ = {
			isa = XCBuildConfiguration;
			buildSettings = {
				ALWAYS_EMBED_SWIFT_STANDARD_LIBRARIES = YES;
				BUNDLE_LOADER = "$(TEST_HOST)";
				CODE_SIGN_STYLE = Automatic;
				CURRENT_PROJECT_VERSION = 1;
				GENERATE_INFOPLIST_FILE = YES;
				IPHONEOS_DEPLOYMENT_TARGET = 15.5;
				MARKETING_VERSION = 1.0;
				PRODUCT_BUNDLE_IDENTIFIER = nwmissouri.edu.HelloApp1Tests;
				PRODUCT_NAME = "$(TARGET_NAME)";
				SWIFT_EMIT_LOC_STRINGS = NO;
				SWIFT_VERSION = 5.0;
				TARGETED_DEVICE_FAMILY = "1,2";
				TEST_HOST = "$(BUILT_PRODUCTS_DIR)/HelloApp1.app/HelloApp1";
			};
			name = Debug;
		};
		7E588E7C28B7B50A00A9B52A /* Release */ = {
			isa = XCBuildConfiguration;
			buildSettings = {
				ALWAYS_EMBED_SWIFT_STANDARD_LIBRARIES = YES;
				BUNDLE_LOADER = "$(TEST_HOST)";
				CODE_SIGN_STYLE = Automatic;
				CURRENT_PROJECT_VERSION = 1;
				GENERATE_INFOPLIST_FILE = YES;
				IPHONEOS_DEPLOYMENT_TARGET = 15.5;
				MARKETING_VERSION = 1.0;
				PRODUCT_BUNDLE_IDENTIFIER = nwmissouri.edu.HelloApp1Tests;
				PRODUCT_NAME = "$(TARGET_NAME)";
				SWIFT_EMIT_LOC_STRINGS = NO;
				SWIFT_VERSION = 5.0;
				TARGETED_DEVICE_FAMILY = "1,2";
				TEST_HOST = "$(BUILT_PRODUCTS_DIR)/HelloApp1.app/HelloApp1";
			};
			name = Release;
		};
		7E588E7E28B7B50A00A9B52A /* Debug */ = {
			isa = XCBuildConfiguration;
			buildSettings = {
				ALWAYS_EMBED_SWIFT_STANDARD_LIBRARIES = YES;
				CODE_SIGN_STYLE = Automatic;
				CURRENT_PROJECT_VERSION = 1;
				GENERATE_INFOPLIST_FILE = YES;
				MARKETING_VERSION = 1.0;
				PRODUCT_BUNDLE_IDENTIFIER = nwmissouri.edu.HelloApp1UITests;
				PRODUCT_NAME = "$(TARGET_NAME)";
				SWIFT_EMIT_LOC_STRINGS = NO;
				SWIFT_VERSION = 5.0;
				TARGETED_DEVICE_FAMILY = "1,2";
				TEST_TARGET_NAME = HelloApp1;
			};
			name = Debug;
		};
		7E588E7F28B7B50A00A9B52A /* Release */ = {
			isa = XCBuildConfiguration;
			buildSettings = {
				ALWAYS_EMBED_SWIFT_STANDARD_LIBRARIES = YES;
				CODE_SIGN_STYLE = Automatic;
				CURRENT_PROJECT_VERSION = 1;
				GENERATE_INFOPLIST_FILE = YES;
				MARKETING_VERSION = 1.0;
				PRODUCT_BUNDLE_IDENTIFIER = nwmissouri.edu.HelloApp1UITests;
				PRODUCT_NAME = "$(TARGET_NAME)";
				SWIFT_EMIT_LOC_STRINGS = NO;
				SWIFT_VERSION = 5.0;
				TARGETED_DEVICE_FAMILY = "1,2";
				TEST_TARGET_NAME = HelloApp1;
			};
			name = Release;
		};
/* End XCBuildConfiguration section */

/* Begin XCConfigurationList section */
		7E588E4828B7B50500A9B52A /* Build configuration list for PBXProject "HelloApp1" */ = {
			isa = XCConfigurationList;
			buildConfigurations = (
				7E588E7528B7B50A00A9B52A /* Debug */,
				7E588E7628B7B50A00A9B52A /* Release */,
			);
			defaultConfigurationIsVisible = 0;
			defaultConfigurationName = Release;
		};
		7E588E7728B7B50A00A9B52A /* Build configuration list for PBXNativeTarget "HelloApp1" */ = {
			isa = XCConfigurationList;
			buildConfigurations = (
				7E588E7828B7B50A00A9B52A /* Debug */,
				7E588E7928B7B50A00A9B52A /* Release */,
			);
			defaultConfigurationIsVisible = 0;
			defaultConfigurationName = Release;
		};
		7E588E7A28B7B50A00A9B52A /* Build configuration list for PBXNativeTarget "HelloApp1Tests" */ = {
			isa = XCConfigurationList;
			buildConfigurations = (
				7E588E7B28B7B50A00A9B52A /* Debug */,
				7E588E7C28B7B50A00A9B52A /* Release */,
			);
			defaultConfigurationIsVisible = 0;
			defaultConfigurationName = Release;
		};
		7E588E7D28B7B50A00A9B52A /* Build configuration list for PBXNativeTarget "HelloApp1UITests" */ = {
			isa = XCConfigurationList;
			buildConfigurations = (
				7E588E7E28B7B50A00A9B52A /* Debug */,
				7E588E7F28B7B50A00A9B52A /* Release */,
			);
			defaultConfigurationIsVisible = 0;
			defaultConfigurationName = Release;
		};
/* End XCConfigurationList section */
	};
	rootObject = 7E588E4528B7B50500A9B52A /* Project object */;
}
